github.com/aws/aws-sdk-go-v2 v1.23.5/go.mod h1:t3szzKfP0NeRU27uBFczDivYJjsmSnqI8kIvKyWb9ds=
github.com/aws/aws-sdk-go-v2 v1.24.0 h1:890+mqQ+hTpNuw0gGP6/4akolQkSToDJgHfQE7AwGuk=
github.com/aws/aws-sdk-go-v2 v1.24.0/go.mod h1:LNh45Br1YAkEKaAqvmE1m8FUx6a5b/V0oAKV7of29b4=
github.com/aws/aws-sdk-go-v2/service/dynamodb v1.26.4 h1:7l4oWgGf+QH1PNCTrUe0wM1xI7PliuYGZ2abl8TFaHU=
github.com/aws/aws-sdk-go-v2/service/dynamodb v1.26.4/go.mod h1:qqiIi0EbEEovHG/nQXYGAXcVvHPaUg7KMwh3VARzQz4=
